{
  "name": "biblia",
  "version": "1.0.0",
  "lockfileVersion": 2,
  "requires": true,
  "packages": {
    "": {
      "name": "biblia",
      "version": "1.0.0",
      "license": "ISC",
      "dependencies": {
        "@material/drawer": "^4.0.0",
        "@material/elevation": "^4.0.0",
        "@material/top-app-bar": "^4.0.0",
        "animate.css": "^3.7.2",
        "backbone": "^1.4.0",
        "flexboxgrid": "^6.3.1",
        "normalize.css": "^8.0.1",
        "requirejs": "^2.3.6",
        "requirejs-plugins": "^1.0.2",
        "requirejs-text": "^2.0.15",
        "spectre.css": "^0.5.8",
        "underscore": "^1.13.1",
        "voca": "^1.4.0",
        "zepto": "^1.2.0"
      }
    },
    "node_modules/@material/animation": {
      "version": "4.0.0",
      "resolved": "https://registry.npmjs.org/@material/animation/-/animation-4.0.0.tgz",
      "integrity": "sha512-IfzXzstWdtKQcsNWu+s2Hpz5dBwkTHtgtzoesr+FC7TqENH+SJdsF1ntnZI1XVi2C9ZlBf7f4BSmXpWHD0MIlw==",
      "dependencies": {
        "tslib": "^1.9.3"
      }
    },
    "node_modules/@material/base": {
      "version": "4.0.0",
      "resolved": "https://registry.npmjs.org/@material/base/-/base-4.0.0.tgz",
      "integrity": "sha512-vHm7fkqXzjdfxifXvlmaZColoIfKuWmO+1rvdzDORTWP+A8Dq70cgKd2I1SBqxzDGjOasMzHbQI6f9MISQf2vQ==",
      "dependencies": {
        "tslib": "^1.9.3"
      }
    },
    "node_modules/@material/density": {
      "version": "4.0.0",
      "resolved": "https://registry.npmjs.org/@material/density/-/density-4.0.0.tgz",
      "integrity": "sha512-PuOCPCXlWjimTq+OuCS8biAb1JE9aXCZwT1dRG9REAIAK7bN8KeeTzkeJp6jTj+ggZjWphwKF0lKeX6Gv+e/lw=="
    },
    "node_modules/@material/dom": {
      "version": "4.0.0",
      "resolved": "https://registry.npmjs.org/@material/dom/-/dom-4.0.0.tgz",
      "integrity": "sha512-GRCJT9+PGWqygZwGf1XLTrbmzP35YWG7+T0hpfhoIJO8VDiMTeyfvhJXFuA2wh9pD0noEjte0lmbdBlykrbWZw==",
      "dependencies": {
        "tslib": "^1.9.3"
      }
    },
    "node_modules/@material/drawer": {
      "version": "4.0.0",
      "resolved": "https://registry.npmjs.org/@material/drawer/-/drawer-4.0.0.tgz",
      "integrity": "sha512-HjhE4KnP+bGC56AdD8H1FqMT5PjEuz0RvvEzsMrQC86CERsE9eu35+JdSHFsLT2qi8m8c8v9NicOVIP1QHNH+Q==",
      "dependencies": {
        "@material/animation": "^4.0.0",
        "@material/base": "^4.0.0",
        "@material/elevation": "^4.0.0",
        "@material/feature-targeting": "^4.0.0",
        "@material/list": "^4.0.0",
        "@material/ripple": "^4.0.0",
        "@material/rtl": "^4.0.0",
        "@material/shape": "^4.0.0",
        "@material/theme": "^4.0.0",
        "@material/typography": "^4.0.0",
        "focus-trap": "^5.0.0",
        "tslib": "^1.9.3"
      }
    },
    "node_modules/@material/elevation": {
      "version": "4.0.0",
      "resolved": "https://registry.npmjs.org/@material/elevation/-/elevation-4.0.0.tgz",
      "integrity": "sha512-wKffoZcqkwAMWYbfGJJ95RDeOFz/IMvF7ye4VamjUwLb1iPiKxUZKUcd40XpuEvsn794HSIEWfGDsRq7BxJAMQ==",
      "dependencies": {
        "@material/animation": "^4.0.0",
        "@material/feature-targeting": "^4.0.0",
        "@material/theme": "^4.0.0"
      }
    },
    "node_modules/@material/feature-targeting": {
      "version": "4.0.0",
      "resolved": "https://registry.npmjs.org/@material/feature-targeting/-/feature-targeting-4.0.0.tgz",
      "integrity": "sha512-0gk+f151vqmEdWkrQ9ocPlQRU9aUtSGsVBhletqIbsthLUsZIz9qk25FHjV1wHd/bGHknd9NH+T8ENprv3KLFg=="
    },
    "node_modules/@material/icon-button": {
      "version": "4.0.0",
      "resolved": "https://registry.npmjs.org/@material/icon-button/-/icon-button-4.0.0.tgz",
      "integrity": "sha512-b1SyWtr2cwlKgIVo+irxRgW0lpIzauADLAxQEJ8/RTO9qVFviohJUnS+5QQCkC5zex5Q52OmQ+aNl0KRjkUdvQ==",
      "dependencies": {
        "@material/base": "^4.0.0",
        "@material/feature-targeting": "^4.0.0",
        "@material/ripple": "^4.0.0",
        "@material/theme": "^4.0.0",
        "tslib": "^1.9.3"
      }
    },
    "node_modules/@material/list": {
      "version": "4.0.0",
      "resolved": "https://registry.npmjs.org/@material/list/-/list-4.0.0.tgz",
      "integrity": "sha512-ximtqMQzi+bnnFy1jrdzMUH7jq169XVexCykumxoLI1PbVx4imQ0G3R6LIfJiafbxbBYawfwySZfMXTJkDML7g==",
      "dependencies": {
        "@material/base": "^4.0.0",
        "@material/density": "^4.0.0",
        "@material/dom": "^4.0.0",
        "@material/feature-targeting": "^4.0.0",
        "@material/ripple": "^4.0.0",
        "@material/rtl": "^4.0.0",
        "@material/shape": "^4.0.0",
        "@material/theme": "^4.0.0",
        "@material/typography": "^4.0.0",
        "tslib": "^1.9.3"
      }
    },
    "node_modules/@material/ripple": {
      "version": "4.0.0",
      "resolved": "https://registry.npmjs.org/@material/ripple/-/ripple-4.0.0.tgz",
      "integrity": "sha512-9BLIOvyCP5sM+fQpLlcJZWyrHguusJq8E5A1pxg0wQwputOyaPBM7recHhYkJmVjzRpTcPgf1PkvkpN6DKGcNg==",
      "dependencies": {
        "@material/animation": "^4.0.0",
        "@material/base": "^4.0.0",
        "@material/dom": "^4.0.0",
        "@material/feature-targeting": "^4.0.0",
        "@material/theme": "^4.0.0",
        "tslib": "^1.9.3"
      }
    },
    "node_modules/@material/rtl": {
      "version": "4.0.0",
      "resolved": "https://registry.npmjs.org/@material/rtl/-/rtl-4.0.0.tgz",
      "integrity": "sha512-AP8zByVDEWAJVJoxByVccUbH+BX24IeG7ol+L6Qd8JjzPpz1fzPVJ4BeDNaF0a6sXtHsRmj2zN5dsx/BGC3IHg=="
    },
    "node_modules/@material/shape": {
      "version": "4.0.0",
      "resolved": "https://registry.npmjs.org/@material/shape/-/shape-4.0.0.tgz",
      "integrity": "sha512-wmr05YBrEL462QPiJ+t9xh5RqxzylXYo/8DVZnb/1WA9GZ6m38UK/8Awtip1cZAN34pzD/9p5AydyywlQVoI+g==",
      "dependencies": {
        "@material/feature-targeting": "^4.0.0"
      }
    },
    "node_modules/@material/theme": {
      "version": "4.0.0",
      "resolved": "https://registry.npmjs.org/@material/theme/-/theme-4.0.0.tgz",
      "integrity": "sha512-vS4G4rusJTatTH50kSYO1U3UGN8EY9kGRvPaFsEFKikJBOqcR6KWK9H9/wCLqqd6nDNifEj9H2sdWw1AV4NA6Q==",
      "dependencies": {
        "@material/feature-targeting": "^4.0.0"
      }
    },
    "node_modules/@material/top-app-bar": {
      "version": "4.0.0",
      "resolved": "https://registry.npmjs.org/@material/top-app-bar/-/top-app-bar-4.0.0.tgz",
      "integrity": "sha512-5IK7fA8c9dyfRngYLMp5gkoyE4iqdTSpMI1brn1pkPbxqym5ibXIHt808pIdOMv7liW+Bf5pVkuvnyjF8Xi+Ww==",
      "dependencies": {
        "@material/animation": "^4.0.0",
        "@material/base": "^4.0.0",
        "@material/elevation": "^4.0.0",
        "@material/icon-button": "^4.0.0",
        "@material/ripple": "^4.0.0",
        "@material/rtl": "^4.0.0",
        "@material/shape": "^4.0.0",
        "@material/theme": "^4.0.0",
        "@material/typography": "^4.0.0",
        "tslib": "^1.9.3"
      }
    },
    "node_modules/@material/typography": {
      "version": "4.0.0",
      "resolved": "https://registry.npmjs.org/@material/typography/-/typography-4.0.0.tgz",
      "integrity": "sha512-lUG4yjG9fl1ryNX4OVnOmi+EjhiV4WsWcYt4yzffHrFg1RfKuCAV59j7TtmlMfZIkNDwqK5jvk3oOpTRDFpL8Q==",
      "dependencies": {
        "@material/feature-targeting": "^4.0.0"
      }
    },
    "node_modules/animate.css": {
      "version": "3.7.2",
      "resolved": "https://registry.npmjs.org/animate.css/-/animate.css-3.7.2.tgz",
      "integrity": "sha512-0bE8zYo7C0KvgOYrSVfrzkbYk6IOTVPNqkiHg2cbyF4Pq/PXzilz4BRWA3hwEUBoMp5VBgrC29lQIZyhRWdBTw=="
    },
    "node_modules/backbone": {
      "version": "1.4.0",
      "resolved": "https://registry.npmjs.org/backbone/-/backbone-1.4.0.tgz",
      "integrity": "sha512-RLmDrRXkVdouTg38jcgHhyQ/2zjg7a8E6sz2zxfz21Hh17xDJYUHBZimVIt5fUyS8vbfpeSmTL3gUjTEvUV3qQ==",
      "dependencies": {
        "underscore": ">=1.8.3"
      }
    },
    "node_modules/flexboxgrid": {
      "version": "6.3.1",
      "resolved": "https://registry.npmjs.org/flexboxgrid/-/flexboxgrid-6.3.1.tgz",
      "integrity": "sha1-6ZiYr8B7cEdyK7galYpfuk1OIP0="
    },
    "node_modules/focus-trap": {
      "version": "5.1.0",
      "resolved": "https://registry.npmjs.org/focus-trap/-/focus-trap-5.1.0.tgz",
      "integrity": "sha512-CkB/nrO55069QAUjWFBpX6oc+9V90Qhgpe6fBWApzruMq5gnlh90Oo7iSSDK7pKiV5ugG6OY2AXM5mxcmL3lwQ==",
      "dependencies": {
        "tabbable": "^4.0.0",
        "xtend": "^4.0.1"
      }
    },
    "node_modules/normalize.css": {
      "version": "8.0.1",
      "resolved": "https://registry.npmjs.org/normalize.css/-/normalize.css-8.0.1.tgz",
      "integrity": "sha512-qizSNPO93t1YUuUhP22btGOo3chcvDFqFaj2TRybP0DMxkHOCTYwp3n34fel4a31ORXy4m1Xq0Gyqpb5m33qIg=="
    },
    "node_modules/requirejs": {
      "version": "2.3.6",
      "resolved": "https://registry.npmjs.org/requirejs/-/requirejs-2.3.6.tgz",
      "integrity": "sha512-ipEzlWQe6RK3jkzikgCupiTbTvm4S0/CAU5GlgptkN5SO6F3u0UD0K18wy6ErDqiCyP4J4YYe1HuAShvsxePLg==",
      "bin": {
        "r_js": "bin/r.js",
        "r.js": "bin/r.js"
      },
      "engines": {
        "node": ">=0.4.0"
      }
    },
    "node_modules/requirejs-plugins": {
      "version": "1.0.2",
      "resolved": "https://registry.npmjs.org/requirejs-plugins/-/requirejs-plugins-1.0.2.tgz",
      "integrity": "sha1-aTtVidl/hZhGL8cYJjUyYqr9qDY="
    },
    "node_modules/requirejs-text": {
      "version": "2.0.16",
      "resolved": "https://registry.npmjs.org/requirejs-text/-/requirejs-text-2.0.16.tgz",
      "integrity": "sha512-XrzjeTb1pwzIWmkz8qnUiM20gENgiwB+66IciNuziwlaPAJsYQsQPSYyQ1kD4tGKGZxTisIfDbOHk02DpI/76Q=="
    },
    "node_modules/spectre.css": {
      "version": "0.5.9",
      "resolved": "https://registry.npmjs.org/spectre.css/-/spectre.css-0.5.9.tgz",
      "integrity": "sha512-9jUqwZmCnvflrxFGcK+ize43TvjwDjqMwZPVubEtSIHzvinH0TBUESm1LcOJx3Ur7bdPaeOHQIjOqBl1Y5kLFw=="
    },
    "node_modules/tabbable": {
      "version": "4.0.0",
      "resolved": "https://registry.npmjs.org/tabbable/-/tabbable-4.0.0.tgz",
      "integrity": "sha512-H1XoH1URcBOa/rZZWxLxHCtOdVUEev+9vo5YdYhC9tCY4wnybX+VQrCYuy9ubkg69fCBxCONJOSLGfw0DWMffQ=="
    },
    "node_modules/tslib": {
      "version": "1.14.1",
      "resolved": "https://registry.npmjs.org/tslib/-/tslib-1.14.1.tgz",
      "integrity": "sha512-Xni35NKzjgMrwevysHTCArtLDpPvye8zV/0E4EyYn43P7/7qvQwPh9BGkHewbMulVntbigmcT7rdX3BNo9wRJg=="
    },
    "node_modules/underscore": {
      "version": "1.13.1",
      "resolved": "https://registry.npmjs.org/underscore/-/underscore-1.13.1.tgz",
      "integrity": "sha512-hzSoAVtJF+3ZtiFX0VgfFPHEDRm7Y/QPjGyNo4TVdnDTdft3tr8hEkD25a1jC+TjTuE7tkHGKkhwCgs9dgBB2g=="
    },
    "node_modules/voca": {
      "version": "1.4.0",
      "resolved": "https://registry.npmjs.org/voca/-/voca-1.4.0.tgz",
      "integrity": "sha512-8Xz4H3vhYRGbFupLtl6dHwMx0ojUcjt0HYkqZ9oBCfipd/5mD7Md58m2/dq7uPuZU/0T3Gb1m66KS9jn+I+14Q=="
    },
    "node_modules/xtend": {
      "version": "4.0.2",
      "resolved": "https://registry.npmjs.org/xtend/-/xtend-4.0.2.tgz",
      "integrity": "sha512-LKYU1iAXJXUgAXn9URjiu+MWhyUXHsvfp7mcuYm9dSUKK0/CjtrUwFAxD82/mCWbtLsGjFIad0wIsod4zrTAEQ==",
      "engines": {
        "node": ">=0.4"
      }
    },
    "node_modules/zepto": {
      "version": "1.2.0",
      "resolved": "https://registry.npmjs.org/zepto/-/zepto-1.2.0.tgz",
      "integrity": "sha1-4Se9nmb9hGvl6rSME5SIL3wOT5g="
    }
  },
  "dependencies": {
    "@material/animation": {
      "version": "4.0.0",
      "resolved": "https://registry.npmjs.org/@material/animation/-/animation-4.0.0.tgz",
      "integrity": "sha512-IfzXzstWdtKQcsNWu+s2Hpz5dBwkTHtgtzoesr+FC7TqENH+SJdsF1ntnZI1XVi2C9ZlBf7f4BSmXpWHD0MIlw==",
      "requires": {
        "tslib": "^1.9.3"
      }
    },
    "@material/base": {
      "version": "4.0.0",
      "resolved": "https://registry.npmjs.org/@material/base/-/base-4.0.0.tgz",
      "integrity": "sha512-vHm7fkqXzjdfxifXvlmaZColoIfKuWmO+1rvdzDORTWP+A8Dq70cgKd2I1SBqxzDGjOasMzHbQI6f9MISQf2vQ==",
      "requires": {
        "tslib": "^1.9.3"
      }
    },
    "@material/density": {
      "version": "4.0.0",
      "resolved": "https://registry.npmjs.org/@material/density/-/density-4.0.0.tgz",
      "integrity": "sha512-PuOCPCXlWjimTq+OuCS8biAb1JE9aXCZwT1dRG9REAIAK7bN8KeeTzkeJp6jTj+ggZjWphwKF0lKeX6Gv+e/lw=="
    },
    "@material/dom": {
      "version": "4.0.0",
      "resolved": "https://registry.npmjs.org/@material/dom/-/dom-4.0.0.tgz",
      "integrity": "sha512-GRCJT9+PGWqygZwGf1XLTrbmzP35YWG7+T0hpfhoIJO8VDiMTeyfvhJXFuA2wh9pD0noEjte0lmbdBlykrbWZw==",
      "requires": {
        "tslib": "^1.9.3"
      }
    },
    "@material/drawer": {
      "version": "4.0.0",
      "resolved": "https://registry.npmjs.org/@material/drawer/-/drawer-4.0.0.tgz",
      "integrity": "sha512-HjhE4KnP+bGC56AdD8H1FqMT5PjEuz0RvvEzsMrQC86CERsE9eu35+JdSHFsLT2qi8m8c8v9NicOVIP1QHNH+Q==",
      "requires": {
        "@material/animation": "^4.0.0",
        "@material/base": "^4.0.0",
        "@material/elevation": "^4.0.0",
        "@material/feature-targeting": "^4.0.0",
        "@material/list": "^4.0.0",
        "@material/ripple": "^4.0.0",
        "@material/rtl": "^4.0.0",
        "@material/shape": "^4.0.0",
        "@material/theme": "^4.0.0",
        "@material/typography": "^4.0.0",
        "focus-trap": "^5.0.0",
        "tslib": "^1.9.3"
      }
    },
    "@material/elevation": {
      "version": "4.0.0",
      "resolved": "https://registry.npmjs.org/@material/elevation/-/elevation-4.0.0.tgz",
      "integrity": "sha512-wKffoZcqkwAMWYbfGJJ95RDeOFz/IMvF7ye4VamjUwLb1iPiKxUZKUcd40XpuEvsn794HSIEWfGDsRq7BxJAMQ==",
      "requires": {
        "@material/animation": "^4.0.0",
        "@material/feature-targeting": "^4.0.0",
        "@material/theme": "^4.0.0"
      }
    },
    "@material/feature-targeting": {
      "version": "4.0.0",
      "resolved": "https://registry.npmjs.org/@material/feature-targeting/-/feature-targeting-4.0.0.tgz",
      "integrity": "sha512-0gk+f151vqmEdWkrQ9ocPlQRU9aUtSGsVBhletqIbsthLUsZIz9qk25FHjV1wHd/bGHknd9NH+T8ENprv3KLFg=="
    },
    "@material/icon-button": {
      "version": "4.0.0",
      "resolved": "https://registry.npmjs.org/@material/icon-button/-/icon-button-4.0.0.tgz",
      "integrity": "sha512-b1SyWtr2cwlKgIVo+irxRgW0lpIzauADLAxQEJ8/RTO9qVFviohJUnS+5QQCkC5zex5Q52OmQ+aNl0KRjkUdvQ==",
      "requires": {
        "@material/base": "^4.0.0",
        "@material/feature-targeting": "^4.0.0",
        "@material/ripple": "^4.0.0",
        "@material/theme": "^4.0.0",
        "tslib": "^1.9.3"
      }
    },
    "@material/list": {
      "version": "4.0.0",
      "resolved": "https://registry.npmjs.org/@material/list/-/list-4.0.0.tgz",
      "integrity": "sha512-ximtqMQzi+bnnFy1jrdzMUH7jq169XVexCykumxoLI1PbVx4imQ0G3R6LIfJiafbxbBYawfwySZfMXTJkDML7g==",
      "requires": {
        "@material/base": "^4.0.0",
        "@material/density": "^4.0.0",
        "@material/dom": "^4.0.0",
        "@material/feature-targeting": "^4.0.0",
        "@material/ripple": "^4.0.0",
        "@material/rtl": "^4.0.0",
        "@material/shape": "^4.0.0",
        "@material/theme": "^4.0.0",
        "@material/typography": "^4.0.0",
        "tslib": "^1.9.3"
      }
    },
    "@material/ripple": {
      "version": "4.0.0",
      "resolved": "https://registry.npmjs.org/@material/ripple/-/ripple-4.0.0.tgz",
      "integrity": "sha512-9BLIOvyCP5sM+fQpLlcJZWyrHguusJq8E5A1pxg0wQwputOyaPBM7recHhYkJmVjzRpTcPgf1PkvkpN6DKGcNg==",
      "requires": {
        "@material/animation": "^4.0.0",
        "@material/base": "^4.0.0",
        "@material/dom": "^4.0.0",
        "@material/feature-targeting": "^4.0.0",
        "@material/theme": "^4.0.0",
        "tslib": "^1.9.3"
      }
    },
    "@material/rtl": {
      "version": "4.0.0",
      "resolved": "https://registry.npmjs.org/@material/rtl/-/rtl-4.0.0.tgz",
      "integrity": "sha512-AP8zByVDEWAJVJoxByVccUbH+BX24IeG7ol+L6Qd8JjzPpz1fzPVJ4BeDNaF0a6sXtHsRmj2zN5dsx/BGC3IHg=="
    },
    "@material/shape": {
      "version": "4.0.0",
      "resolved": "https://registry.npmjs.org/@material/shape/-/shape-4.0.0.tgz",
      "integrity": "sha512-wmr05YBrEL462QPiJ+t9xh5RqxzylXYo/8DVZnb/1WA9GZ6m38UK/8Awtip1cZAN34pzD/9p5AydyywlQVoI+g==",
      "requires": {
        "@material/feature-targeting": "^4.0.0"
      }
    },
    "@material/theme": {
      "version": "4.0.0",
      "resolved": "https://registry.npmjs.org/@material/theme/-/theme-4.0.0.tgz",
      "integrity": "sha512-vS4G4rusJTatTH50kSYO1U3UGN8EY9kGRvPaFsEFKikJBOqcR6KWK9H9/wCLqqd6nDNifEj9H2sdWw1AV4NA6Q==",
      "requires": {
        "@material/feature-targeting": "^4.0.0"
      }
    },
    "@material/top-app-bar": {
      "version": "4.0.0",
      "resolved": "https://registry.npmjs.org/@material/top-app-bar/-/top-app-bar-4.0.0.tgz",
      "integrity": "sha512-5IK7fA8c9dyfRngYLMp5gkoyE4iqdTSpMI1brn1pkPbxqym5ibXIHt808pIdOMv7liW+Bf5pVkuvnyjF8Xi+Ww==",
      "requires": {
        "@material/animation": "^4.0.0",
        "@material/base": "^4.0.0",
        "@material/elevation": "^4.0.0",
        "@material/icon-button": "^4.0.0",
        "@material/ripple": "^4.0.0",
        "@material/rtl": "^4.0.0",
        "@material/shape": "^4.0.0",
        "@material/theme": "^4.0.0",
        "@material/typography": "^4.0.0",
        "tslib": "^1.9.3"
      }
    },
    "@material/typography": {
      "version": "4.0.0",
      "resolved": "https://registry.npmjs.org/@material/typography/-/typography-4.0.0.tgz",
      "integrity": "sha512-lUG4yjG9fl1ryNX4OVnOmi+EjhiV4WsWcYt4yzffHrFg1RfKuCAV59j7TtmlMfZIkNDwqK5jvk3oOpTRDFpL8Q==",
      "requires": {
        "@material/feature-targeting": "^4.0.0"
      }
    },
    "animate.css": {
      "version": "3.7.2",
      "resolved": "https://registry.npmjs.org/animate.css/-/animate.css-3.7.2.tgz",
      "integrity": "sha512-0bE8zYo7C0KvgOYrSVfrzkbYk6IOTVPNqkiHg2cbyF4Pq/PXzilz4BRWA3hwEUBoMp5VBgrC29lQIZyhRWdBTw=="
    },
    "backbone": {
      "version": "1.4.0",
      "resolved": "https://registry.npmjs.org/backbone/-/backbone-1.4.0.tgz",
      "integrity": "sha512-RLmDrRXkVdouTg38jcgHhyQ/2zjg7a8E6sz2zxfz21Hh17xDJYUHBZimVIt5fUyS8vbfpeSmTL3gUjTEvUV3qQ==",
      "requires": {
        "underscore": ">=1.8.3"
      }
    },
    "flexboxgrid": {
      "version": "6.3.1",
      "resolved": "https://registry.npmjs.org/flexboxgrid/-/flexboxgrid-6.3.1.tgz",
      "integrity": "sha1-6ZiYr8B7cEdyK7galYpfuk1OIP0="
    },
    "focus-trap": {
      "version": "5.1.0",
      "resolved": "https://registry.npmjs.org/focus-trap/-/focus-trap-5.1.0.tgz",
      "integrity": "sha512-CkB/nrO55069QAUjWFBpX6oc+9V90Qhgpe6fBWApzruMq5gnlh90Oo7iSSDK7pKiV5ugG6OY2AXM5mxcmL3lwQ==",
      "requires": {
        "tabbable": "^4.0.0",
        "xtend": "^4.0.1"
      }
    },
    "normalize.css": {
      "version": "8.0.1",
      "resolved": "https://registry.npmjs.org/normalize.css/-/normalize.css-8.0.1.tgz",
      "integrity": "sha512-qizSNPO93t1YUuUhP22btGOo3chcvDFqFaj2TRybP0DMxkHOCTYwp3n34fel4a31ORXy4m1Xq0Gyqpb5m33qIg=="
    },
    "requirejs": {
      "version": "2.3.6",
      "resolved": "https://registry.npmjs.org/requirejs/-/requirejs-2.3.6.tgz",
      "integrity": "sha512-ipEzlWQe6RK3jkzikgCupiTbTvm4S0/CAU5GlgptkN5SO6F3u0UD0K18wy6ErDqiCyP4J4YYe1HuAShvsxePLg=="
    },
    "requirejs-plugins": {
      "version": "1.0.2",
      "resolved": "https://registry.npmjs.org/requirejs-plugins/-/requirejs-plugins-1.0.2.tgz",
      "integrity": "sha1-aTtVidl/hZhGL8cYJjUyYqr9qDY="
    },
    "requirejs-text": {
      "version": "2.0.16",
      "resolved": "https://registry.npmjs.org/requirejs-text/-/requirejs-text-2.0.16.tgz",
      "integrity": "sha512-XrzjeTb1pwzIWmkz8qnUiM20gENgiwB+66IciNuziwlaPAJsYQsQPSYyQ1kD4tGKGZxTisIfDbOHk02DpI/76Q=="
    },
    "spectre.css": {
      "version": "0.5.9",
      "resolved": "https://registry.npmjs.org/spectre.css/-/spectre.css-0.5.9.tgz",
      "integrity": "sha512-9jUqwZmCnvflrxFGcK+ize43TvjwDjqMwZPVubEtSIHzvinH0TBUESm1LcOJx3Ur7bdPaeOHQIjOqBl1Y5kLFw=="
    },
    "tabbable": {
      "version": "4.0.0",
      "resolved": "https://registry.npmjs.org/tabbable/-/tabbable-4.0.0.tgz",
      "integrity": "sha512-H1XoH1URcBOa/rZZWxLxHCtOdVUEev+9vo5YdYhC9tCY4wnybX+VQrCYuy9ubkg69fCBxCONJOSLGfw0DWMffQ=="
    },
    "tslib": {
      "version": "1.14.1",
      "resolved": "https://registry.npmjs.org/tslib/-/tslib-1.14.1.tgz",
      "integrity": "sha512-Xni35NKzjgMrwevysHTCArtLDpPvye8zV/0E4EyYn43P7/7qvQwPh9BGkHewbMulVntbigmcT7rdX3BNo9wRJg=="
    },
    "underscore": {
      "version": "1.13.1",
      "resolved": "https://registry.npmjs.org/underscore/-/underscore-1.13.1.tgz",
      "integrity": "sha512-hzSoAVtJF+3ZtiFX0VgfFPHEDRm7Y/QPjGyNo4TVdnDTdft3tr8hEkD25a1jC+TjTuE7tkHGKkhwCgs9dgBB2g=="
    },
    "voca": {
      "version": "1.4.0",
      "resolved": "https://registry.npmjs.org/voca/-/voca-1.4.0.tgz",
      "integrity": "sha512-8Xz4H3vhYRGbFupLtl6dHwMx0ojUcjt0HYkqZ9oBCfipd/5mD7Md58m2/dq7uPuZU/0T3Gb1m66KS9jn+I+14Q=="
    },
    "xtend": {
      "version": "4.0.2",
      "resolved": "https://registry.npmjs.org/xtend/-/xtend-4.0.2.tgz",
      "integrity": "sha512-LKYU1iAXJXUgAXn9URjiu+MWhyUXHsvfp7mcuYm9dSUKK0/CjtrUwFAxD82/mCWbtLsGjFIad0wIsod4zrTAEQ=="
    },
    "zepto": {
      "version": "1.2.0",
      "resolved": "https://registry.npmjs.org/zepto/-/zepto-1.2.0.tgz",
      "integrity": "sha1-4Se9nmb9hGvl6rSME5SIL3wOT5g="
    }
  }
}
